
Microsoft Visual Studio Solution File, Format Version 12.00
Project("{F2A71F9B-5D33-465A-A702-920D77279786}") = "EmailNotifier", "EmailNotifier.fsproj", "{C5E71FA1-0451-4EE9-8D1D-D55EF32FA4EA}"
EndProject
Global
	GlobalSection(SolutionConfigurationPlatforms) = preSolution
		Debug|Any CPU = Debug|Any CPU
		Release|Any CPU = Release|Any CPU
	EndGlobalSection
	GlobalSection(ProjectConfigurationPlatforms) = postSolution
		{C5E71FA1-0451-4EE9-8D1D-D55EF32FA4EA}.Debug|Any CPU.ActiveCfg = Debug|Any CPU
		{C5E71FA1-0451-4EE9-8D1D-D55EF32FA4EA}.Debug|Any CPU.Build.0 = Debug|Any CPU
		{C5E71FA1-0451-4EE9-8D1D-D55EF32FA4EA}.Release|Any CPU.ActiveCfg = Release|Any CPU
		{C5E71FA1-0451-4EE9-8D1D-D55EF32FA4EA}.Release|Any CPU.Build.0 = Release|Any CPU
	EndGlobalSection
EndGlobal
