
Microsoft Visual Studio Solution File, Format Version 12.00
Project("{F2A71F9B-5D33-465A-A702-920D77279786}") = "PostCache", "PostCache.fsproj", "{3E3A769D-BB04-43FD-81C1-A684291472D6}"
EndProject
Global
	GlobalSection(SolutionConfigurationPlatforms) = preSolution
		Debug|Any CPU = Debug|Any CPU
		Release|Any CPU = Release|Any CPU
	EndGlobalSection
	GlobalSection(ProjectConfigurationPlatforms) = postSolution
		{3E3A769D-BB04-43FD-81C1-A684291472D6}.Debug|Any CPU.ActiveCfg = Debug|Any CPU
		{3E3A769D-BB04-43FD-81C1-A684291472D6}.Debug|Any CPU.Build.0 = Debug|Any CPU
		{3E3A769D-BB04-43FD-81C1-A684291472D6}.Release|Any CPU.ActiveCfg = Release|Any CPU
		{3E3A769D-BB04-43FD-81C1-A684291472D6}.Release|Any CPU.Build.0 = Release|Any CPU
	EndGlobalSection
EndGlobal
