
Microsoft Visual Studio Solution File, Format Version 12.00
# Visual Studio Version 16
VisualStudioVersion = 16.0.30907.101
MinimumVisualStudioVersion = 10.0.40219.1
Project("{FAE04EC0-301F-11D3-BF4B-00C04F79EFBC}") = "Std", "Std\Std.csproj", "{ACB5B92B-C6E3-42FF-8F69-7D946F56656A}"
EndProject
Global
	GlobalSection(SolutionConfigurationPlatforms) = preSolution
		Debug|Any CPU = Debug|Any CPU
		Release|Any CPU = Release|Any CPU
	EndGlobalSection
	GlobalSection(ProjectConfigurationPlatforms) = postSolution
		{ACB5B92B-C6E3-42FF-8F69-7D946F56656A}.Debug|Any CPU.ActiveCfg = Debug|Any CPU
		{ACB5B92B-C6E3-42FF-8F69-7D946F56656A}.Debug|Any CPU.Build.0 = Debug|Any CPU
		{ACB5B92B-C6E3-42FF-8F69-7D946F56656A}.Release|Any CPU.ActiveCfg = Release|Any CPU
		{ACB5B92B-C6E3-42FF-8F69-7D946F56656A}.Release|Any CPU.Build.0 = Release|Any CPU
	EndGlobalSection
	GlobalSection(SolutionProperties) = preSolution
		HideSolutionNode = FALSE
	EndGlobalSection
	GlobalSection(ExtensibilityGlobals) = postSolution
		SolutionGuid = {474EE3D1-D2FA-4CDC-BFFD-04F4456B4602}
	EndGlobalSection
EndGlobal
