
Microsoft Visual Studio Solution File, Format Version 12.00
Project("{F2A71F9B-5D33-465A-A702-920D77279786}") = "UserSiteUrl", "UserSiteUrl.fsproj", "{B385B167-ACB7-4C0C-A3A6-650E178B99BF}"
EndProject
Global
	GlobalSection(SolutionConfigurationPlatforms) = preSolution
		Debug|Any CPU = Debug|Any CPU
		Release|Any CPU = Release|Any CPU
	EndGlobalSection
	GlobalSection(ProjectConfigurationPlatforms) = postSolution
		{B385B167-ACB7-4C0C-A3A6-650E178B99BF}.Debug|Any CPU.ActiveCfg = Debug|Any CPU
		{B385B167-ACB7-4C0C-A3A6-650E178B99BF}.Debug|Any CPU.Build.0 = Debug|Any CPU
		{B385B167-ACB7-4C0C-A3A6-650E178B99BF}.Release|Any CPU.ActiveCfg = Release|Any CPU
		{B385B167-ACB7-4C0C-A3A6-650E178B99BF}.Release|Any CPU.Build.0 = Release|Any CPU
	EndGlobalSection
EndGlobal
