
Microsoft Visual Studio Solution File, Format Version 12.00
# Visual Studio Version 16
VisualStudioVersion = 16.0.30907.101
MinimumVisualStudioVersion = 10.0.40219.1
Project("{FAE04EC0-301F-11D3-BF4B-00C04F79EFBC}") = "LightningLink", "LightningLink\LightningLink.csproj", "{4F7507DC-7E8D-4E44-B0C0-93268FA74E4B}"
EndProject
Global
	GlobalSection(SolutionConfigurationPlatforms) = preSolution
		Debug|Any CPU = Debug|Any CPU
		Release|Any CPU = Release|Any CPU
	EndGlobalSection
	GlobalSection(ProjectConfigurationPlatforms) = postSolution
		{4F7507DC-7E8D-4E44-B0C0-93268FA74E4B}.Debug|Any CPU.ActiveCfg = Debug|Any CPU
		{4F7507DC-7E8D-4E44-B0C0-93268FA74E4B}.Debug|Any CPU.Build.0 = Debug|Any CPU
		{4F7507DC-7E8D-4E44-B0C0-93268FA74E4B}.Release|Any CPU.ActiveCfg = Release|Any CPU
		{4F7507DC-7E8D-4E44-B0C0-93268FA74E4B}.Release|Any CPU.Build.0 = Release|Any CPU
	EndGlobalSection
	GlobalSection(SolutionProperties) = preSolution
		HideSolutionNode = FALSE
	EndGlobalSection
	GlobalSection(ExtensibilityGlobals) = postSolution
		SolutionGuid = {42809EF1-ED93-4B41-87F5-63691F30B909}
	EndGlobalSection
EndGlobal
