
Microsoft Visual Studio Solution File, Format Version 12.00
Project("{F2A71F9B-5D33-465A-A702-920D77279786}") = "Topics", "Topics.fsproj", "{76ED4A56-3829-4A37-9BC9-84EAFEE58444}"
EndProject
Global
	GlobalSection(SolutionConfigurationPlatforms) = preSolution
		Debug|Any CPU = Debug|Any CPU
		Release|Any CPU = Release|Any CPU
	EndGlobalSection
	GlobalSection(ProjectConfigurationPlatforms) = postSolution
		{76ED4A56-3829-4A37-9BC9-84EAFEE58444}.Debug|Any CPU.ActiveCfg = Debug|Any CPU
		{76ED4A56-3829-4A37-9BC9-84EAFEE58444}.Debug|Any CPU.Build.0 = Debug|Any CPU
		{76ED4A56-3829-4A37-9BC9-84EAFEE58444}.Release|Any CPU.ActiveCfg = Release|Any CPU
		{76ED4A56-3829-4A37-9BC9-84EAFEE58444}.Release|Any CPU.Build.0 = Release|Any CPU
	EndGlobalSection
EndGlobal
