
Microsoft Visual Studio Solution File, Format Version 12.00
Project("{F2A71F9B-5D33-465A-A702-920D77279786}") = "UserName", "UserName.fsproj", "{AC92A4B7-39E4-407D-B253-2727979BEED7}"
EndProject
Project("{F2A71F9B-5D33-465A-A702-920D77279786}") = "pilipala-frame", "..\..\pilipala-sdk\pilipala-frame\pilipala-frame.fsproj", "{DD5B38CB-3398-451E-BF8B-BFA3264322EF}"
EndProject
Project("{F2A71F9B-5D33-465A-A702-920D77279786}") = "fsharper", "..\..\fsharper\fsharper.fsproj", "{BE268878-176D-484A-B8CA-6BE86393228E}"
EndProject
Project("{F2A71F9B-5D33-465A-A702-920D77279786}") = "pilipala.data.db-ext", "..\..\pilipala-sdk\pilipala.data.db-ext\pilipala.data.db-ext.fsproj", "{70417748-C10D-479F-A155-38DCE256E334}"
EndProject
Project("{F2A71F9B-5D33-465A-A702-920D77279786}") = "DbManaged", "..\..\DbManaged\DbManaged.fsproj", "{6C062BD6-1CD6-4F5A-8D0D-D6722408B528}"
EndProject
Global
	GlobalSection(SolutionConfigurationPlatforms) = preSolution
		Debug|Any CPU = Debug|Any CPU
		Release|Any CPU = Release|Any CPU
	EndGlobalSection
	GlobalSection(ProjectConfigurationPlatforms) = postSolution
		{AC92A4B7-39E4-407D-B253-2727979BEED7}.Debug|Any CPU.ActiveCfg = Debug|Any CPU
		{AC92A4B7-39E4-407D-B253-2727979BEED7}.Debug|Any CPU.Build.0 = Debug|Any CPU
		{AC92A4B7-39E4-407D-B253-2727979BEED7}.Release|Any CPU.ActiveCfg = Release|Any CPU
		{AC92A4B7-39E4-407D-B253-2727979BEED7}.Release|Any CPU.Build.0 = Release|Any CPU
		{DD5B38CB-3398-451E-BF8B-BFA3264322EF}.Debug|Any CPU.ActiveCfg = Debug|Any CPU
		{DD5B38CB-3398-451E-BF8B-BFA3264322EF}.Debug|Any CPU.Build.0 = Debug|Any CPU
		{DD5B38CB-3398-451E-BF8B-BFA3264322EF}.Release|Any CPU.ActiveCfg = Release|Any CPU
		{DD5B38CB-3398-451E-BF8B-BFA3264322EF}.Release|Any CPU.Build.0 = Release|Any CPU
		{BE268878-176D-484A-B8CA-6BE86393228E}.Debug|Any CPU.ActiveCfg = Debug|Any CPU
		{BE268878-176D-484A-B8CA-6BE86393228E}.Debug|Any CPU.Build.0 = Debug|Any CPU
		{BE268878-176D-484A-B8CA-6BE86393228E}.Release|Any CPU.ActiveCfg = Release|Any CPU
		{BE268878-176D-484A-B8CA-6BE86393228E}.Release|Any CPU.Build.0 = Release|Any CPU
		{70417748-C10D-479F-A155-38DCE256E334}.Debug|Any CPU.ActiveCfg = Debug|Any CPU
		{70417748-C10D-479F-A155-38DCE256E334}.Debug|Any CPU.Build.0 = Debug|Any CPU
		{70417748-C10D-479F-A155-38DCE256E334}.Release|Any CPU.ActiveCfg = Release|Any CPU
		{70417748-C10D-479F-A155-38DCE256E334}.Release|Any CPU.Build.0 = Release|Any CPU
		{6C062BD6-1CD6-4F5A-8D0D-D6722408B528}.Debug|Any CPU.ActiveCfg = Debug|Any CPU
		{6C062BD6-1CD6-4F5A-8D0D-D6722408B528}.Debug|Any CPU.Build.0 = Debug|Any CPU
		{6C062BD6-1CD6-4F5A-8D0D-D6722408B528}.Release|Any CPU.ActiveCfg = Release|Any CPU
		{6C062BD6-1CD6-4F5A-8D0D-D6722408B528}.Release|Any CPU.Build.0 = Release|Any CPU
	EndGlobalSection
EndGlobal
