
Microsoft Visual Studio Solution File, Format Version 12.00
Project("{F2A71F9B-5D33-465A-A702-920D77279786}") = "Summarizer", "Summarizer.fsproj", "{05A786AC-E945-4096-BE12-5280AE48C85C}"
EndProject
Project("{F2A71F9B-5D33-465A-A702-920D77279786}") = "pilipala.util", "..\..\pilipala-sdk\pilipala.util\pilipala.util.fsproj", "{8C92CBC6-0FAE-4569-B3D6-7C92A866E5B0}"
EndProject
Project("{F2A71F9B-5D33-465A-A702-920D77279786}") = "pilipala-frame", "..\..\pilipala-sdk\pilipala-frame\pilipala-frame.fsproj", "{B60A51EB-EA1A-4FFA-A395-0FB32A8546F5}"
EndProject
Project("{F2A71F9B-5D33-465A-A702-920D77279786}") = "fsharper", "..\..\fsharper\fsharper.fsproj", "{7E37D783-167B-4289-9030-C0A3A4F0DAC8}"
EndProject
Global
	GlobalSection(SolutionConfigurationPlatforms) = preSolution
		Debug|Any CPU = Debug|Any CPU
		Release|Any CPU = Release|Any CPU
	EndGlobalSection
	GlobalSection(ProjectConfigurationPlatforms) = postSolution
		{05A786AC-E945-4096-BE12-5280AE48C85C}.Debug|Any CPU.ActiveCfg = Debug|Any CPU
		{05A786AC-E945-4096-BE12-5280AE48C85C}.Debug|Any CPU.Build.0 = Debug|Any CPU
		{05A786AC-E945-4096-BE12-5280AE48C85C}.Release|Any CPU.ActiveCfg = Release|Any CPU
		{05A786AC-E945-4096-BE12-5280AE48C85C}.Release|Any CPU.Build.0 = Release|Any CPU
		{8C92CBC6-0FAE-4569-B3D6-7C92A866E5B0}.Debug|Any CPU.ActiveCfg = Debug|Any CPU
		{8C92CBC6-0FAE-4569-B3D6-7C92A866E5B0}.Debug|Any CPU.Build.0 = Debug|Any CPU
		{8C92CBC6-0FAE-4569-B3D6-7C92A866E5B0}.Release|Any CPU.ActiveCfg = Release|Any CPU
		{8C92CBC6-0FAE-4569-B3D6-7C92A866E5B0}.Release|Any CPU.Build.0 = Release|Any CPU
		{B60A51EB-EA1A-4FFA-A395-0FB32A8546F5}.Debug|Any CPU.ActiveCfg = Debug|Any CPU
		{B60A51EB-EA1A-4FFA-A395-0FB32A8546F5}.Debug|Any CPU.Build.0 = Debug|Any CPU
		{B60A51EB-EA1A-4FFA-A395-0FB32A8546F5}.Release|Any CPU.ActiveCfg = Release|Any CPU
		{B60A51EB-EA1A-4FFA-A395-0FB32A8546F5}.Release|Any CPU.Build.0 = Release|Any CPU
		{7E37D783-167B-4289-9030-C0A3A4F0DAC8}.Debug|Any CPU.ActiveCfg = Debug|Any CPU
		{7E37D783-167B-4289-9030-C0A3A4F0DAC8}.Debug|Any CPU.Build.0 = Debug|Any CPU
		{7E37D783-167B-4289-9030-C0A3A4F0DAC8}.Release|Any CPU.ActiveCfg = Release|Any CPU
		{7E37D783-167B-4289-9030-C0A3A4F0DAC8}.Release|Any CPU.Build.0 = Release|Any CPU
	EndGlobalSection
EndGlobal
