
Microsoft Visual Studio Solution File, Format Version 12.00
Project("{F2A71F9B-5D33-465A-A702-920D77279786}") = "Pinned", "Pinned.fsproj", "{38396F71-04C2-43DC-A418-00542F003863}"
EndProject
Project("{F2A71F9B-5D33-465A-A702-920D77279786}") = "pilipala.util", "..\..\pilipala-sdk\pilipala.util\pilipala.util.fsproj", "{628394A9-BC30-456F-BCB5-29BF87428F8A}"
EndProject
Project("{F2A71F9B-5D33-465A-A702-920D77279786}") = "pilipala-frame", "..\..\pilipala-sdk\pilipala-frame\pilipala-frame.fsproj", "{0DB3E494-ACAC-4264-A266-C8DD09BD0F83}"
EndProject
Project("{F2A71F9B-5D33-465A-A702-920D77279786}") = "fsharper", "..\..\fsharper\fsharper.fsproj", "{128C7454-30E7-4AD9-B588-B7C73A8F8F6E}"
EndProject
Global
	GlobalSection(SolutionConfigurationPlatforms) = preSolution
		Debug|Any CPU = Debug|Any CPU
		Release|Any CPU = Release|Any CPU
	EndGlobalSection
	GlobalSection(ProjectConfigurationPlatforms) = postSolution
		{38396F71-04C2-43DC-A418-00542F003863}.Debug|Any CPU.ActiveCfg = Debug|Any CPU
		{38396F71-04C2-43DC-A418-00542F003863}.Debug|Any CPU.Build.0 = Debug|Any CPU
		{38396F71-04C2-43DC-A418-00542F003863}.Release|Any CPU.ActiveCfg = Release|Any CPU
		{38396F71-04C2-43DC-A418-00542F003863}.Release|Any CPU.Build.0 = Release|Any CPU
		{628394A9-BC30-456F-BCB5-29BF87428F8A}.Debug|Any CPU.ActiveCfg = Debug|Any CPU
		{628394A9-BC30-456F-BCB5-29BF87428F8A}.Debug|Any CPU.Build.0 = Debug|Any CPU
		{628394A9-BC30-456F-BCB5-29BF87428F8A}.Release|Any CPU.ActiveCfg = Release|Any CPU
		{628394A9-BC30-456F-BCB5-29BF87428F8A}.Release|Any CPU.Build.0 = Release|Any CPU
		{0DB3E494-ACAC-4264-A266-C8DD09BD0F83}.Debug|Any CPU.ActiveCfg = Debug|Any CPU
		{0DB3E494-ACAC-4264-A266-C8DD09BD0F83}.Debug|Any CPU.Build.0 = Debug|Any CPU
		{0DB3E494-ACAC-4264-A266-C8DD09BD0F83}.Release|Any CPU.ActiveCfg = Release|Any CPU
		{0DB3E494-ACAC-4264-A266-C8DD09BD0F83}.Release|Any CPU.Build.0 = Release|Any CPU
		{128C7454-30E7-4AD9-B588-B7C73A8F8F6E}.Debug|Any CPU.ActiveCfg = Debug|Any CPU
		{128C7454-30E7-4AD9-B588-B7C73A8F8F6E}.Debug|Any CPU.Build.0 = Debug|Any CPU
		{128C7454-30E7-4AD9-B588-B7C73A8F8F6E}.Release|Any CPU.ActiveCfg = Release|Any CPU
		{128C7454-30E7-4AD9-B588-B7C73A8F8F6E}.Release|Any CPU.Build.0 = Release|Any CPU
	EndGlobalSection
EndGlobal
